
Microsoft Visual Studio Solution File, Format Version 12.00
# Visual Studio Version 16
VisualStudioVersion = 16.0.30804.86
MinimumVisualStudioVersion = 10.0.40219.1
Project("{9A19103F-16F7-4668-BE54-9A1E7A4F7556}") = "ClimbingCragWebsite", "ClimbingCragWebsite\ClimbingCragWebsite.csproj", "{C7976DF1-1591-48D4-A210-B57CE7530D2A}"
EndProject
Project("{2150E333-8FDC-42A3-9474-1A3956D46DE8}") = "Solution Items", "Solution Items", "{1FB984D5-76F2-4F43-A187-DF45FB8B6B95}"
	ProjectSection(SolutionItems) = preProject
		.editorconfig = .editorconfig
	EndProjectSection
EndProject
Global
	GlobalSection(SolutionConfigurationPlatforms) = preSolution
		Debug|Any CPU = Debug|Any CPU
		Release|Any CPU = Release|Any CPU
	EndGlobalSection
	GlobalSection(ProjectConfigurationPlatforms) = postSolution
		{C7976DF1-1591-48D4-A210-B57CE7530D2A}.Debug|Any CPU.ActiveCfg = Debug|Any CPU
		{C7976DF1-1591-48D4-A210-B57CE7530D2A}.Debug|Any CPU.Build.0 = Debug|Any CPU
		{C7976DF1-1591-48D4-A210-B57CE7530D2A}.Release|Any CPU.ActiveCfg = Release|Any CPU
		{C7976DF1-1591-48D4-A210-B57CE7530D2A}.Release|Any CPU.Build.0 = Release|Any CPU
	EndGlobalSection
	GlobalSection(SolutionProperties) = preSolution
		HideSolutionNode = FALSE
	EndGlobalSection
	GlobalSection(ExtensibilityGlobals) = postSolution
		SolutionGuid = {F8123835-05C7-43A5-B51A-BF1CF3476527}
	EndGlobalSection
EndGlobal
